
Microsoft Visual Studio Solution File, Format Version 12.00
# Visual Studio 15
VisualStudioVersion = 15.0.28307.136
MinimumVisualStudioVersion = 10.0.40219.1
Project("{FAE04EC0-301F-11D3-BF4B-00C04F79EFBC}") = "ServicioRestaurante.ApiRestaurante", "ServicioRestaurante.ApiRestaurante\ServicioRestaurante.ApiRestaurante.csproj", "{89871293-07A5-4908-B92E-027B0048D9CF}"
EndProject
Global
	GlobalSection(SolutionConfigurationPlatforms) = preSolution
		Debug|Any CPU = Debug|Any CPU
		Release|Any CPU = Release|Any CPU
	EndGlobalSection
	GlobalSection(ProjectConfigurationPlatforms) = postSolution
		{89871293-07A5-4908-B92E-027B0048D9CF}.Debug|Any CPU.ActiveCfg = Debug|Any CPU
		{89871293-07A5-4908-B92E-027B0048D9CF}.Debug|Any CPU.Build.0 = Debug|Any CPU
		{89871293-07A5-4908-B92E-027B0048D9CF}.Release|Any CPU.ActiveCfg = Release|Any CPU
		{89871293-07A5-4908-B92E-027B0048D9CF}.Release|Any CPU.Build.0 = Release|Any CPU
	EndGlobalSection
	GlobalSection(SolutionProperties) = preSolution
		HideSolutionNode = FALSE
	EndGlobalSection
	GlobalSection(ExtensibilityGlobals) = postSolution
		SolutionGuid = {F5F135D4-1BAA-4791-8964-F7382D969CA3}
	EndGlobalSection
EndGlobal
